// !$*UTF8*$!
{
	archiveVersion = 1;
	classes = {
	};
	objectVersion = 46;
	objects = {

/* Begin PBXBuildFile section */
		984D9B291ECF83A100C9C27E /* AppDelegate.swift in Sources */ = {isa = PBXBuildFile; fileRef = 984D9B281ECF83A100C9C27E /* AppDelegate.swift */; };
		984D9B2B1ECF83A100C9C27E /* ViewController.swift in Sources */ = {isa = PBXBuildFile; fileRef = 984D9B2A1ECF83A100C9C27E /* ViewController.swift */; };
		984D9B2E1ECF83A100C9C27E /* Main.storyboard in Resources */ = {isa = PBXBuildFile; fileRef = 984D9B2C1ECF83A100C9C27E /* Main.storyboard */; };
		984D9B301ECF83A100C9C27E /* Assets.xcassets in Resources */ = {isa = PBXBuildFile; fileRef = 984D9B2F1ECF83A100C9C27E /* Assets.xcassets */; };
		984D9B331ECF83A100C9C27E /* LaunchScreen.storyboard in Resources */ = {isa = PBXBuildFile; fileRef = 984D9B311ECF83A100C9C27E /* LaunchScreen.storyboard */; };
		98FC63C31F892291003D4339 /* NFDownloadButton.swift in Sources */ = {isa = PBXBuildFile; fileRef = 98FC63C11F892291003D4339 /* NFDownloadButton.swift */; };
		98FC63C41F892291003D4339 /* Info.plist in Resources */ = {isa = PBXBuildFile; fileRef = 98FC63C21F892291003D4339 /* Info.plist */; };
/* End PBXBuildFile section */

/* Begin PBXCopyFilesBuildPhase section */
		9806D7711ED21FD400CFF373 /* Embed Watch Content */ = {
			isa = PBXCopyFilesBuildPhase;
			buildActionMask = 2147483647;
			dstPath = "$(CONTENTS_FOLDER_PATH)/Watch";
			dstSubfolderSpec = 16;
			files = (
			);
			name = "Embed Watch Content";
			runOnlyForDeploymentPostprocessing = 0;
		};
/* End PBXCopyFilesBuildPhase section */

/* Begin PBXFileReference section */
		984D9B251ECF83A100C9C27E /* Example.app */ = {isa = PBXFileReference; explicitFileType = wrapper.application; includeInIndex = 0; path = Example.app; sourceTree = BUILT_PRODUCTS_DIR; };
		984D9B281ECF83A100C9C27E /* AppDelegate.swift */ = {isa = PBXFileReference; lastKnownFileType = sourcecode.swift; path = AppDelegate.swift; sourceTree = "<group>"; };
		984D9B2A1ECF83A100C9C27E /* ViewController.swift */ = {isa = PBXFileReference; lastKnownFileType = sourcecode.swift; path = ViewController.swift; sourceTree = "<group>"; };
		984D9B2D1ECF83A100C9C27E /* Base */ = {isa = PBXFileReference; lastKnownFileType = file.storyboard; name = Base; path = Base.lproj/Main.storyboard; sourceTree = "<group>"; };
		984D9B2F1ECF83A100C9C27E /* Assets.xcassets */ = {isa = PBXFileReference; lastKnownFileType = folder.assetcatalog; path = Assets.xcassets; sourceTree = "<group>"; };
		984D9B321ECF83A100C9C27E /* Base */ = {isa = PBXFileReference; lastKnownFileType = file.storyboard; name = Base; path = Base.lproj/LaunchScreen.storyboard; sourceTree = "<group>"; };
		984D9B341ECF83A100C9C27E /* Info.plist */ = {isa = PBXFileReference; lastKnownFileType = text.plist.xml; path = Info.plist; sourceTree = "<group>"; };
		98FC63C01F892291003D4339 /* NFDownloadButton.h */ = {isa = PBXFileReference; fileEncoding = 4; lastKnownFileType = sourcecode.c.h; path = NFDownloadButton.h; sourceTree = "<group>"; };
		98FC63C11F892291003D4339 /* NFDownloadButton.swift */ = {isa = PBXFileReference; fileEncoding = 4; lastKnownFileType = sourcecode.swift; path = NFDownloadButton.swift; sourceTree = "<group>"; };
		98FC63C21F892291003D4339 /* Info.plist */ = {isa = PBXFileReference; fileEncoding = 4; lastKnownFileType = text.plist.xml; path = Info.plist; sourceTree = "<group>"; };
/* End PBXFileReference section */

/* Begin PBXFrameworksBuildPhase section */
		984D9B221ECF83A100C9C27E /* Frameworks */ = {
			isa = PBXFrameworksBuildPhase;
			buildActionMask = 2147483647;
			files = (
			);
			runOnlyForDeploymentPostprocessing = 0;
		};
/* End PBXFrameworksBuildPhase section */

/* Begin PBXGroup section */
		984D9B1C1ECF83A100C9C27E = {
			isa = PBXGroup;
			children = (
				98FC63BF1F892291003D4339 /* Sources */,
				984D9B271ECF83A100C9C27E /* Example */,
				984D9B261ECF83A100C9C27E /* Products */,
			);
			sourceTree = "<group>";
		};
		984D9B261ECF83A100C9C27E /* Products */ = {
			isa = PBXGroup;
			children = (
				984D9B251ECF83A100C9C27E /* Example.app */,
			);
			name = Products;
			sourceTree = "<group>";
		};
		984D9B271ECF83A100C9C27E /* Example */ = {
			isa = PBXGroup;
			children = (
				984D9B281ECF83A100C9C27E /* AppDelegate.swift */,
				984D9B2A1ECF83A100C9C27E /* ViewController.swift */,
				984D9B2C1ECF83A100C9C27E /* Main.storyboard */,
				984D9B2F1ECF83A100C9C27E /* Assets.xcassets */,
				984D9B311ECF83A100C9C27E /* LaunchScreen.storyboard */,
				984D9B341ECF83A100C9C27E /* Info.plist */,
			);
			path = Example;
			sourceTree = "<group>";
		};
		98FC63BF1F892291003D4339 /* Sources */ = {
			isa = PBXGroup;
			children = (
				98FC63C01F892291003D4339 /* NFDownloadButton.h */,
				98FC63C11F892291003D4339 /* NFDownloadButton.swift */,
				98FC63C21F892291003D4339 /* Info.plist */,
			);
			name = Sources;
			path = ../Sources;
			sourceTree = "<group>";
		};
/* End PBXGroup section */

/* Begin PBXNativeTarget section */
		984D9B241ECF83A100C9C27E /* Example */ = {
			isa = PBXNativeTarget;
			buildConfigurationList = 984D9B371ECF83A100C9C27E /* Build configuration list for PBXNativeTarget "Example" */;
			buildPhases = (
				984D9B211ECF83A100C9C27E /* Sources */,
				984D9B221ECF83A100C9C27E /* Frameworks */,
				984D9B231ECF83A100C9C27E /* Resources */,
				9806D7711ED21FD400CFF373 /* Embed Watch Content */,
			);
			buildRules = (
			);
			dependencies = (
			);
			name = Example;
			productName = Example;
			productReference = 984D9B251ECF83A100C9C27E /* Example.app */;
			productType = "com.apple.product-type.application";
		};
/* End PBXNativeTarget section */

/* Begin PBXProject section */
		984D9B1D1ECF83A100C9C27E /* Project object */ = {
			isa = PBXProject;
			attributes = {
				LastSwiftUpdateCheck = 0830;
				LastUpgradeCheck = 0900;
				ORGANIZATIONNAME = 1aim.com;
				TargetAttributes = {
					984D9B241ECF83A100C9C27E = {
						CreatedOnToolsVersion = 8.3.2;
						DevelopmentTeam = T99T2WGRY2;
						ProvisioningStyle = Automatic;
					};
				};
			};
			buildConfigurationList = 984D9B201ECF83A100C9C27E /* Build configuration list for PBXProject "Example" */;
			compatibilityVersion = "Xcode 3.2";
			developmentRegion = English;
			hasScannedForEncodings = 0;
			knownRegions = (
				en,
				Base,
			);
			mainGroup = 984D9B1C1ECF83A100C9C27E;
			productRefGroup = 984D9B261ECF83A100C9C27E /* Products */;
			projectDirPath = "";
			projectRoot = "";
			targets = (
				984D9B241ECF83A100C9C27E /* Example */,
			);
		};
/* End PBXProject section */

/* Begin PBXResourcesBuildPhase section */
		984D9B231ECF83A100C9C27E /* Resources */ = {
			isa = PBXResourcesBuildPhase;
			buildActionMask = 2147483647;
			files = (
				98FC63C41F892291003D4339 /* Info.plist in Resources */,
				984D9B331ECF83A100C9C27E /* LaunchScreen.storyboard in Resources */,
				984D9B301ECF83A100C9C27E /* Assets.xcassets in Resources */,
				984D9B2E1ECF83A100C9C27E /* Main.storyboard in Resources */,
			);
			runOnlyForDeploymentPostprocessing = 0;
		};
/* End PBXResourcesBuildPhase section */

/* Begin PBXSourcesBuildPhase section */
		984D9B211ECF83A100C9C27E /* Sources */ = {
			isa = PBXSourcesBuildPhase;
			buildActionMask = 2147483647;
			files = (
				98FC63C31F892291003D4339 /* NFDownloadButton.swift in Sources */,
				984D9B2B1ECF83A100C9C27E /* ViewController.swift in Sources */,
				984D9B291ECF83A100C9C27E /* AppDelegate.swift in Sources */,
			);
			runOnlyForDeploymentPostprocessing = 0;
		};
/* End PBXSourcesBuildPhase section */

/* Begin PBXVariantGroup section */
		984D9B2C1ECF83A100C9C27E /* Main.storyboard */ = {
			isa = PBXVariantGroup;
			children = (
				984D9B2D1ECF83A100C9C27E /* Base */,
			);
			name = Main.storyboard;
			sourceTree = "<group>";
		};
		984D9B311ECF83A100C9C27E /* LaunchScreen.storyboard */ = {
			isa = PBXVariantGroup;
			children = (
				984D9B321ECF83A100C9C27E /* Base */,
			);
			name = LaunchScreen.storyboard;
			sourceTree = "<group>";
		};
/* End PBXVariantGroup section */

/* Begin XCBuildConfiguration section */
		984D9B351ECF83A100C9C27E /* Debug */ = {
			isa = XCBuildConfiguration;
			buildSettings = {
				ALWAYS_SEARCH_USER_PATHS = NO;
				CLANG_ANALYZER_NONNULL = YES;
				CLANG_ANALYZER_NUMBER_OBJECT_CONVERSION = YES_AGGRESSIVE;
				CLANG_CXX_LANGUAGE_STANDARD = "gnu++0x";
				CLANG_CXX_LIBRARY = "libc++";
				CLANG_ENABLE_MODULES = YES;
				CLANG_ENABLE_OBJC_ARC = YES;
				CLANG_WARN_BLOCK_CAPTURE_AUTORELEASING = YES;
				CLANG_WARN_BOOL_CONVERSION = YES;
				CLANG_WARN_COMMA = YES;
				CLANG_WARN_CONSTANT_CONVERSION = YES;
				CLANG_WARN_DIRECT_OBJC_ISA_USAGE = YES_ERROR;
				CLANG_WARN_DOCUMENTATION_COMMENTS = YES;
				CLANG_WARN_EMPTY_BODY = YES;
				CLANG_WARN_ENUM_CONVERSION = YES;
				CLANG_WARN_INFINITE_RECURSION = YES;
				CLANG_WARN_INT_CONVERSION = YES;
				CLANG_WARN_NON_LITERAL_NULL_CONVERSION = YES;
				CLANG_WARN_OBJC_LITERAL_CONVERSION = YES;
				CLANG_WARN_OBJC_ROOT_CLASS = YES_ERROR;
				CLANG_WARN_RANGE_LOOP_ANALYSIS = YES;
				CLANG_WARN_STRICT_PROTOTYPES = YES;
				CLANG_WARN_SUSPICIOUS_MOVE = YES;
				CLANG_WARN_UNREACHABLE_CODE = YES;
				CLANG_WARN__DUPLICATE_METHOD_MATCH = YES;
				"CODE_SIGN_IDENTITY[sdk=iphoneos*]" = "iPhone Developer";
				COPY_PHASE_STRIP = NO;
				DEBUG_INFORMATION_FORMAT = dwarf;
				ENABLE_STRICT_OBJC_MSGSEND = YES;
				ENABLE_TESTABILITY = YES;
				GCC_C_LANGUAGE_STANDARD = gnu99;
				GCC_DYNAMIC_NO_PIC = NO;
				GCC_NO_COMMON_BLOCKS = YES;
				GCC_OPTIMIZATION_LEVEL = 0;
				GCC_PREPROCESSOR_DEFINITIONS = (
					"DEBUG=1",
					"$(inherited)",
				);
				GCC_WARN_64_TO_32_BIT_CONVERSION = YES;
				GCC_WARN_ABOUT_RETURN_TYPE = YES_ERROR;
				GCC_WARN_UNDECLARED_SELECTOR = YES;
				GCC_WARN_UNINITIALIZED_AUTOS = YES_AGGRESSIVE;
				GCC_WARN_UNUSED_FUNCTION = YES;
				GCC_WARN_UNUSED_VARIABLE = YES;
				IPHONEOS_DEPLOYMENT_TARGET = 11.0;
				MTL_ENABLE_DEBUG_INFO = YES;
				ONLY_ACTIVE_ARCH = YES;
				SDKROOT = iphoneos;
				SWIFT_ACTIVE_COMPILATION_CONDITIONS = DEBUG;
				SWIFT_OPTIMIZATION_LEVEL = "-Onone";
				TARGETED_DEVICE_FAMILY = "1,2";
			};
			name = Debug;
		};
		984D9B361ECF83A100C9C27E /* Release */ = {
			isa = XCBuildConfiguration;
			buildSettings = {
				ALWAYS_SEARCH_USER_PATHS = NO;
				CLANG_ANALYZER_NONNULL = YES;
				CLANG_ANALYZER_NUMBER_OBJECT_CONVERSION = YES_AGGRESSIVE;
				CLANG_CXX_LANGUAGE_STANDARD = "gnu++0x";
				CLANG_CXX_LIBRARY = "libc++";
				CLANG_ENABLE_MODULES = YES;
				CLANG_ENABLE_OBJC_ARC = YES;
				CLANG_WARN_BLOCK_CAPTURE_AUTORELEASING = YES;
				CLANG_WARN_BOOL_CONVERSION = YES;
				CLANG_WARN_COMMA = YES;
				CLANG_WARN_CONSTANT_CONVERSION = YES;
				CLANG_WARN_DIRECT_OBJC_ISA_USAGE = YES_ERROR;
				CLANG_WARN_DOCUMENTATION_COMMENTS = YES;
				CLANG_WARN_EMPTY_BODY = YES;
				CLANG_WARN_ENUM_CONVERSION = YES;
				CLANG_WARN_INFINITE_RECURSION = YES;
				CLANG_WARN_INT_CONVERSION = YES;
				CLANG_WARN_NON_LITERAL_NULL_CONVERSION = YES;
				CLANG_WARN_OBJC_LITERAL_CONVERSION = YES;
				CLANG_WARN_OBJC_ROOT_CLASS = YES_ERROR;
				CLANG_WARN_RANGE_LOOP_ANALYSIS = YES;
				CLANG_WARN_STRICT_PROTOTYPES = YES;
				CLANG_WARN_SUSPICIOUS_MOVE = YES;
				CLANG_WARN_UNREACHABLE_CODE = YES;
				CLANG_WARN__DUPLICATE_METHOD_MATCH = YES;
				"CODE_SIGN_IDENTITY[sdk=iphoneos*]" = "iPhone Developer";
				COPY_PHASE_STRIP = NO;
				DEBUG_INFORMATION_FORMAT = "dwarf-with-dsym";
				ENABLE_NS_ASSERTIONS = NO;
				ENABLE_STRICT_OBJC_MSGSEND = YES;
				GCC_C_LANGUAGE_STANDARD = gnu99;
				GCC_NO_COMMON_BLOCKS = YES;
				GCC_WARN_64_TO_32_BIT_CONVERSION = YES;
				GCC_WARN_ABOUT_RETURN_TYPE = YES_ERROR;
				GCC_WARN_UNDECLARED_SELECTOR = YES;
				GCC_WARN_UNINITIALIZED_AUTOS = YES_AGGRESSIVE;
				GCC_WARN_UNUSED_FUNCTION = YES;
				GCC_WARN_UNUSED_VARIABLE = YES;
				IPHONEOS_DEPLOYMENT_TARGET = 11.0;
				MTL_ENABLE_DEBUG_INFO = NO;
				SDKROOT = iphoneos;
				SWIFT_OPTIMIZATION_LEVEL = "-Owholemodule";
				TARGETED_DEVICE_FAMILY = "1,2";
				VALIDATE_PRODUCT = YES;
			};
			name = Release;
		};
		984D9B381ECF83A100C9C27E /* Debug */ = {
			isa = XCBuildConfiguration;
			buildSettings = {
				ASSETCATALOG_COMPILER_APPICON_NAME = AppIcon;
				DEVELOPMENT_TEAM = T99T2WGRY2;
				INFOPLIST_FILE = Example/Info.plist;
				LD_RUNPATH_SEARCH_PATHS = "$(inherited) @executable_path/Frameworks";
				PRODUCT_BUNDLE_IDENTIFIER = com.leocardz.Example;
				PRODUCT_NAME = "$(TARGET_NAME)";
				SWIFT_VERSION = 3.0;
			};
			name = Debug;
		};
		984D9B391ECF83A100C9C27E /* Release */ = {
			isa = XCBuildConfiguration;
			buildSettings = {
				ASSETCATALOG_COMPILER_APPICON_NAME = AppIcon;
				DEVELOPMENT_TEAM = T99T2WGRY2;
				INFOPLIST_FILE = Example/Info.plist;
				LD_RUNPATH_SEARCH_PATHS = "$(inherited) @executable_path/Frameworks";
				PRODUCT_BUNDLE_IDENTIFIER = com.leocardz.Example;
				PRODUCT_NAME = "$(TARGET_NAME)";
				SWIFT_VERSION = 3.0;
			};
			name = Release;
		};
/* End XCBuildConfiguration section */

/* Begin XCConfigurationList section */
		984D9B201ECF83A100C9C27E /* Build configuration list for PBXProject "Example" */ = {
			isa = XCConfigurationList;
			buildConfigurations = (
				984D9B351ECF83A100C9C27E /* Debug */,
				984D9B361ECF83A100C9C27E /* Release */,
			);
			defaultConfigurationIsVisible = 0;
			defaultConfigurationName = Release;
		};
		984D9B371ECF83A100C9C27E /* Build configuration list for PBXNativeTarget "Example" */ = {
			isa = XCConfigurationList;
			buildConfigurations = (
				984D9B381ECF83A100C9C27E /* Debug */,
				984D9B391ECF83A100C9C27E /* Release */,
			);
			defaultConfigurationIsVisible = 0;
			defaultConfigurationName = Release;
		};
/* End XCConfigurationList section */
	};
	rootObject = 984D9B1D1ECF83A100C9C27E /* Project object */;
}
